{
  "nodes": {
    "nixpkgs": {
      "locked": {
        "lastModified": 1661864979,
        "narHash": "sha256-ajXYYTE1uoY3ei/P1v+Knklf2QNCBxMtw1gByaPTGU4=",
        "owner": "NixOS",
        "repo": "nixpkgs",
        "rev": "a28adc36c20fd2fbaeb06ec9bbd79b6bf7443979",
        "type": "github"
      },
      "original": {
        "id": "nixpkgs",
        "ref": "nixos-22.05",
        "type": "indirect"
      }
    },
    "root": {
      "inputs": {
        "nixpkgs": "nixpkgs"
      }
    }
  },
  "root": "root",
  "version": 7
}
